
Microsoft Visual Studio Solution File, Format Version 12.00
# Visual Studio 15
VisualStudioVersion = 15.0.28307.572
MinimumVisualStudioVersion = 10.0.40219.1
Project("{FAE04EC0-301F-11D3-BF4B-00C04F79EFBC}") = "mozjpeg-gui", "mozjpeg-gui\mozjpeg-gui.csproj", "{0CC4A88A-4B42-4190-B30A-CAEFC7029BC9}"
EndProject
Global
	GlobalSection(SolutionConfigurationPlatforms) = preSolution
		Debug|Any CPU = Debug|Any CPU
		Release|Any CPU = Release|Any CPU
	EndGlobalSection
	GlobalSection(ProjectConfigurationPlatforms) = postSolution
		{0CC4A88A-4B42-4190-B30A-CAEFC7029BC9}.Debug|Any CPU.ActiveCfg = Debug|Any CPU
		{0CC4A88A-4B42-4190-B30A-CAEFC7029BC9}.Debug|Any CPU.Build.0 = Debug|Any CPU
		{0CC4A88A-4B42-4190-B30A-CAEFC7029BC9}.Release|Any CPU.ActiveCfg = Release|Any CPU
		{0CC4A88A-4B42-4190-B30A-CAEFC7029BC9}.Release|Any CPU.Build.0 = Release|Any CPU
	EndGlobalSection
	GlobalSection(SolutionProperties) = preSolution
		HideSolutionNode = FALSE
	EndGlobalSection
	GlobalSection(ExtensibilityGlobals) = postSolution
		SolutionGuid = {10536F99-3EB7-4710-81B3-B409236E4FCC}
	EndGlobalSection
EndGlobal
